
Microsoft Visual Studio Solution File, Format Version 12.00
# Visual Studio 15
VisualStudioVersion = 15.0.28307.106
MinimumVisualStudioVersion = 10.0.40219.1
Project("{FAE04EC0-301F-11D3-BF4B-00C04F79EFBC}") = "Uppgift2", "Uppgift2\Uppgift2.csproj", "{35170167-D964-40D9-BAF2-B45E324CDA6F}"
EndProject
Global
	GlobalSection(SolutionConfigurationPlatforms) = preSolution
		Debug|Any CPU = Debug|Any CPU
		Release|Any CPU = Release|Any CPU
	EndGlobalSection
	GlobalSection(ProjectConfigurationPlatforms) = postSolution
		{35170167-D964-40D9-BAF2-B45E324CDA6F}.Debug|Any CPU.ActiveCfg = Debug|Any CPU
		{35170167-D964-40D9-BAF2-B45E324CDA6F}.Debug|Any CPU.Build.0 = Debug|Any CPU
		{35170167-D964-40D9-BAF2-B45E324CDA6F}.Release|Any CPU.ActiveCfg = Release|Any CPU
		{35170167-D964-40D9-BAF2-B45E324CDA6F}.Release|Any CPU.Build.0 = Release|Any CPU
	EndGlobalSection
	GlobalSection(SolutionProperties) = preSolution
		HideSolutionNode = FALSE
	EndGlobalSection
	GlobalSection(ExtensibilityGlobals) = postSolution
		SolutionGuid = {99AF2D08-4DAA-4680-AC71-552F0BBE4DEC}
	EndGlobalSection
EndGlobal
