
Microsoft Visual Studio Solution File, Format Version 12.00
# Visual Studio 15
VisualStudioVersion = 15.0.28307.106
MinimumVisualStudioVersion = 10.0.40219.1
Project("{FAE04EC0-301F-11D3-BF4B-00C04F79EFBC}") = "Grades", "Grades\Grades.csproj", "{46BB549A-E1A4-45E3-8226-D971A626348B}"
EndProject
Project("{FAE04EC0-301F-11D3-BF4B-00C04F79EFBC}") = "Grades.Tests", "Grades.Tests\Grades.Tests.csproj", "{F8DFB8AA-82A7-46CE-9B04-04AA2B274108}"
EndProject
Global
	GlobalSection(SolutionConfigurationPlatforms) = preSolution
		Debug|Any CPU = Debug|Any CPU
		Release|Any CPU = Release|Any CPU
	EndGlobalSection
	GlobalSection(ProjectConfigurationPlatforms) = postSolution
		{46BB549A-E1A4-45E3-8226-D971A626348B}.Debug|Any CPU.ActiveCfg = Debug|Any CPU
		{46BB549A-E1A4-45E3-8226-D971A626348B}.Debug|Any CPU.Build.0 = Debug|Any CPU
		{46BB549A-E1A4-45E3-8226-D971A626348B}.Release|Any CPU.ActiveCfg = Release|Any CPU
		{46BB549A-E1A4-45E3-8226-D971A626348B}.Release|Any CPU.Build.0 = Release|Any CPU
		{F8DFB8AA-82A7-46CE-9B04-04AA2B274108}.Debug|Any CPU.ActiveCfg = Debug|Any CPU
		{F8DFB8AA-82A7-46CE-9B04-04AA2B274108}.Debug|Any CPU.Build.0 = Debug|Any CPU
		{F8DFB8AA-82A7-46CE-9B04-04AA2B274108}.Release|Any CPU.ActiveCfg = Release|Any CPU
		{F8DFB8AA-82A7-46CE-9B04-04AA2B274108}.Release|Any CPU.Build.0 = Release|Any CPU
	EndGlobalSection
	GlobalSection(SolutionProperties) = preSolution
		HideSolutionNode = FALSE
	EndGlobalSection
	GlobalSection(ExtensibilityGlobals) = postSolution
		SolutionGuid = {48B606EB-1D64-4710-ABD2-E33CD6BE37FF}
	EndGlobalSection
EndGlobal
